[[package]]
name = "autocfg"
version = "0.1.2"
source = "registry+https://github.com/rust-lang/crates.io-index"

[[package]]
name = "backtrace"
version = "0.3.18"
source = "registry+https://github.com/rust-lang/crates.io-index"
dependencies = [
 "autocfg 0.1.2 (registry+https://github.com/rust-lang/crates.io-index)",
 "backtrace-sys 0.1.28 (registry+https://github.com/rust-lang/crates.io-index)",
 "cfg-if 0.1.9 (registry+https://github.com/rust-lang/crates.io-index)",
 "libc 0.2.55 (registry+https://github.com/rust-lang/crates.io-index)",
 "rustc-demangle 0.1.14 (registry+https://github.com/rust-lang/crates.io-index)",
]

[[package]]
name = "backtrace-sys"
version = "0.1.28"
source = "registry+https://github.com/rust-lang/crates.io-index"
dependencies = [
 "cc 1.0.37 (registry+https://github.com/rust-lang/crates.io-index)",
 "libc 0.2.55 (registry+https://github.com/rust-lang/crates.io-index)",
]

[[package]]
name = "cc"
version = "1.0.37"
source = "registry+https://github.com/rust-lang/crates.io-index"

[[package]]
name = "cfg-if"
version = "0.1.9"
source = "registry+https://github.com/rust-lang/crates.io-index"

[[package]]
name = "failure"
version = "0.1.5"
source = "registry+https://github.com/rust-lang/crates.io-index"
dependencies = [
 "backtrace 0.3.18 (registry+https://github.com/rust-lang/crates.io-index)",
 "failure_derive 0.1.5 (registry+https://github.com/rust-lang/crates.io-index)",
]

[[package]]
name = "failure_derive"
version = "0.1.5"
source = "registry+https://github.com/rust-lang/crates.io-index"
dependencies = [
 "proc-macro2 0.4.30 (registry+https://github.com/rust-lang/crates.io-index)",
 "quote 0.6.12 (registry+https://github.com/rust-lang/crates.io-index)",
 "syn 0.15.34 (registry+https://github.com/rust-lang/crates.io-index)",
 "synstructure 0.10.2 (registry+https://github.com/rust-lang/crates.io-index)",
]

[[package]]
name = "libc"
version = "0.2.55"
source = "registry+https://github.com/rust-lang/crates.io-index"

[[package]]
name = "peresil"
version = "0.3.0"
source = "registry+https://github.com/rust-lang/crates.io-index"

[[package]]
name = "proc-macro2"
version = "0.4.30"
source = "registry+https://github.com/rust-lang/crates.io-index"
dependencies = [
 "unicode-xid 0.1.0 (registry+https://github.com/rust-lang/crates.io-index)",
]

[[package]]
name = "q53"
version = "0.1.0"
dependencies = [
 "failure 0.1.5 (registry+https://github.com/rust-lang/crates.io-index)",
 "xpath_reader 0.5.2 (registry+https://github.com/rust-lang/crates.io-index)",
]

[[package]]
name = "quick-error"
version = "1.2.2"
source = "registry+https://github.com/rust-lang/crates.io-index"

[[package]]
name = "quote"
version = "0.6.12"
source = "registry+https://github.com/rust-lang/crates.io-index"
dependencies = [
 "proc-macro2 0.4.30 (registry+https://github.com/rust-lang/crates.io-index)",
]

[[package]]
name = "rustc-demangle"
version = "0.1.14"
source = "registry+https://github.com/rust-lang/crates.io-index"

[[package]]
name = "sxd-document"
version = "0.3.0"
source = "registry+https://github.com/rust-lang/crates.io-index"
dependencies = [
 "peresil 0.3.0 (registry+https://github.com/rust-lang/crates.io-index)",
 "typed-arena 1.4.1 (registry+https://github.com/rust-lang/crates.io-index)",
]

[[package]]
name = "sxd-xpath"
version = "0.4.2"
source = "registry+https://github.com/rust-lang/crates.io-index"
dependencies = [
 "peresil 0.3.0 (registry+https://github.com/rust-lang/crates.io-index)",
 "quick-error 1.2.2 (registry+https://github.com/rust-lang/crates.io-index)",
 "sxd-document 0.3.0 (registry+https://github.com/rust-lang/crates.io-index)",
]

[[package]]
name = "syn"
version = "0.15.34"
source = "registry+https://github.com/rust-lang/crates.io-index"
dependencies = [
 "proc-macro2 0.4.30 (registry+https://github.com/rust-lang/crates.io-index)",
 "quote 0.6.12 (registry+https://github.com/rust-lang/crates.io-index)",
 "unicode-xid 0.1.0 (registry+https://github.com/rust-lang/crates.io-index)",
]

[[package]]
name = "synstructure"
version = "0.10.2"
source = "registry+https://github.com/rust-lang/crates.io-index"
dependencies = [
 "proc-macro2 0.4.30 (registry+https://github.com/rust-lang/crates.io-index)",
 "quote 0.6.12 (registry+https://github.com/rust-lang/crates.io-index)",
 "syn 0.15.34 (registry+https://github.com/rust-lang/crates.io-index)",
 "unicode-xid 0.1.0 (registry+https://github.com/rust-lang/crates.io-index)",
]

[[package]]
name = "typed-arena"
version = "1.4.1"
source = "registry+https://github.com/rust-lang/crates.io-index"

[[package]]
name = "unicode-xid"
version = "0.1.0"
source = "registry+https://github.com/rust-lang/crates.io-index"

[[package]]
name = "xpath_reader"
version = "0.5.2"
source = "registry+https://github.com/rust-lang/crates.io-index"
dependencies = [
 "sxd-document 0.3.0 (registry+https://github.com/rust-lang/crates.io-index)",
 "sxd-xpath 0.4.2 (registry+https://github.com/rust-lang/crates.io-index)",
]

[metadata]
"checksum autocfg 0.1.2 (registry+https://github.com/rust-lang/crates.io-index)" = "a6d640bee2da49f60a4068a7fae53acde8982514ab7bae8b8cea9e88cbcfd799"
"checksum backtrace 0.3.18 (registry+https://github.com/rust-lang/crates.io-index)" = "f92d5d536fa03dc3d93711d97bac1fae2eb59aba467ca4c6600c0119da614f51"
"checksum backtrace-sys 0.1.28 (registry+https://github.com/rust-lang/crates.io-index)" = "797c830ac25ccc92a7f8a7b9862bde440715531514594a6154e3d4a54dd769b6"
"checksum cc 1.0.37 (registry+https://github.com/rust-lang/crates.io-index)" = "39f75544d7bbaf57560d2168f28fd649ff9c76153874db88bdbdfd839b1a7e7d"
"checksum cfg-if 0.1.9 (registry+https://github.com/rust-lang/crates.io-index)" = "b486ce3ccf7ffd79fdeb678eac06a9e6c09fc88d33836340becb8fffe87c5e33"
"checksum failure 0.1.5 (registry+https://github.com/rust-lang/crates.io-index)" = "795bd83d3abeb9220f257e597aa0080a508b27533824adf336529648f6abf7e2"
"checksum failure_derive 0.1.5 (registry+https://github.com/rust-lang/crates.io-index)" = "ea1063915fd7ef4309e222a5a07cf9c319fb9c7836b1f89b85458672dbb127e1"
"checksum libc 0.2.55 (registry+https://github.com/rust-lang/crates.io-index)" = "42914d39aad277d9e176efbdad68acb1d5443ab65afe0e0e4f0d49352a950880"
"checksum peresil 0.3.0 (registry+https://github.com/rust-lang/crates.io-index)" = "f658886ed52e196e850cfbbfddab9eaa7f6d90dd0929e264c31e5cec07e09e57"
"checksum proc-macro2 0.4.30 (registry+https://github.com/rust-lang/crates.io-index)" = "cf3d2011ab5c909338f7887f4fc896d35932e29146c12c8d01da6b22a80ba759"
"checksum quick-error 1.2.2 (registry+https://github.com/rust-lang/crates.io-index)" = "9274b940887ce9addde99c4eee6b5c44cc494b182b97e73dc8ffdcb3397fd3f0"
"checksum quote 0.6.12 (registry+https://github.com/rust-lang/crates.io-index)" = "faf4799c5d274f3868a4aae320a0a182cbd2baee377b378f080e16a23e9d80db"
"checksum rustc-demangle 0.1.14 (registry+https://github.com/rust-lang/crates.io-index)" = "ccc78bfd5acd7bf3e89cffcf899e5cb1a52d6fafa8dec2739ad70c9577a57288"
"checksum sxd-document 0.3.0 (registry+https://github.com/rust-lang/crates.io-index)" = "7f9daa5f04135690dcb001fd5d4f1d536d62e988262954e68abb3ab7db36a4f9"
"checksum sxd-xpath 0.4.2 (registry+https://github.com/rust-lang/crates.io-index)" = "36e39da5d30887b5690e29de4c5ebb8ddff64ebd9933f98a01daaa4fd11b36ea"
"checksum syn 0.15.34 (registry+https://github.com/rust-lang/crates.io-index)" = "a1393e4a97a19c01e900df2aec855a29f71cf02c402e2f443b8d2747c25c5dbe"
"checksum synstructure 0.10.2 (registry+https://github.com/rust-lang/crates.io-index)" = "02353edf96d6e4dc81aea2d8490a7e9db177bf8acb0e951c24940bf866cb313f"
"checksum typed-arena 1.4.1 (registry+https://github.com/rust-lang/crates.io-index)" = "c6c06a92aef38bb4dc5b0df00d68496fc31307c5344c867bb61678c6e1671ec5"
"checksum unicode-xid 0.1.0 (registry+https://github.com/rust-lang/crates.io-index)" = "fc72304796d0818e357ead4e000d19c9c174ab23dc11093ac919054d20a6a7fc"
"checksum xpath_reader 0.5.2 (registry+https://github.com/rust-lang/crates.io-index)" = "b5bf35a7570580750915c7aff16e20814f4f27033a8e81cffe65046992c8d941"
